{
  "requires": true,
  "lockfileVersion": 1,
  "dependencies": {
    "omnitone": {
      "version": "file:resonance-audio",
      "integrity": "sha512-Bb58pIjk/9zi41cvfbYiq8fahOk60ATj4FDM9FXU4TE3pWR7zw9AhgHciwYR5lwNJRPgAJrtiqo4GMr0uazawQ=="
    },
    "resonance-audio": {
      "version": "1.0.0",
      "resolved": "https://registry.npmjs.org/resonance-audio/-/resonance-audio-1.0.0.tgz",
      "integrity": "sha512-9ciGZtOhvSyfAIcAF1V6u4UKasgT02R0a19j3KE2/zC5TgMY3pVf+f+k5KXEcPP4TGOzh+KDNM6QVvBsj0e3qg==",
      "requires": {
        "omnitone": "file:resonance-audio"
      }
    }
  }
}
